
Microsoft Visual Studio Solution File, Format Version 12.00
# Visual Studio Version 17
VisualStudioVersion = 17.8.34408.163
MinimumVisualStudioVersion = 10.0.40219.1
Project("{9A19103F-16F7-4668-BE54-9A1E7A4F7556}") = "API_Sententia", "API_Sententia.csproj", "{BDF390B5-3CBA-4AD0-A34F-7B1914CA883A}"
EndProject
Project("{9A19103F-16F7-4668-BE54-9A1E7A4F7556}") = "Business", "..\Business\Business.csproj", "{0029CE1C-E9B0-44EE-B0F0-4A041F158FE4}"
EndProject
Project("{9A19103F-16F7-4668-BE54-9A1E7A4F7556}") = "DataAccess", "..\DataAccess\DataAccess.csproj", "{691B0847-1BAA-4F39-89E9-B947A97B9F55}"
EndProject
Project("{FAE04EC0-301F-11D3-BF4B-00C04F79EFBC}") = "Models", "..\Models\Models.csproj", "{E4BC6EEB-69A7-4F76-B7BE-33643F2E0BAB}"
EndProject
Global
	GlobalSection(SolutionConfigurationPlatforms) = preSolution
		Debug|Any CPU = Debug|Any CPU
		Release|Any CPU = Release|Any CPU
	EndGlobalSection
	GlobalSection(ProjectConfigurationPlatforms) = postSolution
		{BDF390B5-3CBA-4AD0-A34F-7B1914CA883A}.Debug|Any CPU.ActiveCfg = Debug|Any CPU
		{BDF390B5-3CBA-4AD0-A34F-7B1914CA883A}.Debug|Any CPU.Build.0 = Debug|Any CPU
		{BDF390B5-3CBA-4AD0-A34F-7B1914CA883A}.Release|Any CPU.ActiveCfg = Release|Any CPU
		{BDF390B5-3CBA-4AD0-A34F-7B1914CA883A}.Release|Any CPU.Build.0 = Release|Any CPU
		{0029CE1C-E9B0-44EE-B0F0-4A041F158FE4}.Debug|Any CPU.ActiveCfg = Debug|Any CPU
		{0029CE1C-E9B0-44EE-B0F0-4A041F158FE4}.Debug|Any CPU.Build.0 = Debug|Any CPU
		{0029CE1C-E9B0-44EE-B0F0-4A041F158FE4}.Release|Any CPU.ActiveCfg = Release|Any CPU
		{0029CE1C-E9B0-44EE-B0F0-4A041F158FE4}.Release|Any CPU.Build.0 = Release|Any CPU
		{691B0847-1BAA-4F39-89E9-B947A97B9F55}.Debug|Any CPU.ActiveCfg = Debug|Any CPU
		{691B0847-1BAA-4F39-89E9-B947A97B9F55}.Debug|Any CPU.Build.0 = Debug|Any CPU
		{691B0847-1BAA-4F39-89E9-B947A97B9F55}.Release|Any CPU.ActiveCfg = Release|Any CPU
		{691B0847-1BAA-4F39-89E9-B947A97B9F55}.Release|Any CPU.Build.0 = Release|Any CPU
		{E4BC6EEB-69A7-4F76-B7BE-33643F2E0BAB}.Debug|Any CPU.ActiveCfg = Debug|Any CPU
		{E4BC6EEB-69A7-4F76-B7BE-33643F2E0BAB}.Debug|Any CPU.Build.0 = Debug|Any CPU
		{E4BC6EEB-69A7-4F76-B7BE-33643F2E0BAB}.Release|Any CPU.ActiveCfg = Release|Any CPU
		{E4BC6EEB-69A7-4F76-B7BE-33643F2E0BAB}.Release|Any CPU.Build.0 = Release|Any CPU
	EndGlobalSection
	GlobalSection(SolutionProperties) = preSolution
		HideSolutionNode = FALSE
	EndGlobalSection
	GlobalSection(ExtensibilityGlobals) = postSolution
		SolutionGuid = {5A59B217-16BA-4B09-A292-AD613C42B258}
	EndGlobalSection
EndGlobal
